
Microsoft Visual Studio Solution File, Format Version 12.00
# Visual Studio Version 17
VisualStudioVersion = 17.8.34330.188
MinimumVisualStudioVersion = 10.0.40219.1
Project("{9A19103F-16F7-4668-BE54-9A1E7A4F7556}") = "SourceGenArrayAttrIssue", "SourceGenArrayAttrIssue\SourceGenArrayAttrIssue.csproj", "{53B2CF2E-27CE-4730-8E4B-EC85529C52D9}"
EndProject
Project("{9A19103F-16F7-4668-BE54-9A1E7A4F7556}") = "CloneSourceGenerator", "CloneSourceGenerator\CloneSourceGenerator.csproj", "{BC33AC17-6006-4963-B87C-561D443B68DE}"
EndProject
Project("{FAE04EC0-301F-11D3-BF4B-00C04F79EFBC}") = "SourceGen.SampleDomain", "SourceGen.SampleDomain\SourceGen.SampleDomain.csproj", "{C508723B-2719-4498-A055-14ADB3CDBCCA}"
EndProject
Global
	GlobalSection(SolutionConfigurationPlatforms) = preSolution
		Debug|Any CPU = Debug|Any CPU
		Release|Any CPU = Release|Any CPU
	EndGlobalSection
	GlobalSection(ProjectConfigurationPlatforms) = postSolution
		{53B2CF2E-27CE-4730-8E4B-EC85529C52D9}.Debug|Any CPU.ActiveCfg = Debug|Any CPU
		{53B2CF2E-27CE-4730-8E4B-EC85529C52D9}.Debug|Any CPU.Build.0 = Debug|Any CPU
		{53B2CF2E-27CE-4730-8E4B-EC85529C52D9}.Release|Any CPU.ActiveCfg = Release|Any CPU
		{53B2CF2E-27CE-4730-8E4B-EC85529C52D9}.Release|Any CPU.Build.0 = Release|Any CPU
		{BC33AC17-6006-4963-B87C-561D443B68DE}.Debug|Any CPU.ActiveCfg = Debug|Any CPU
		{BC33AC17-6006-4963-B87C-561D443B68DE}.Debug|Any CPU.Build.0 = Debug|Any CPU
		{BC33AC17-6006-4963-B87C-561D443B68DE}.Release|Any CPU.ActiveCfg = Release|Any CPU
		{BC33AC17-6006-4963-B87C-561D443B68DE}.Release|Any CPU.Build.0 = Release|Any CPU
		{C508723B-2719-4498-A055-14ADB3CDBCCA}.Debug|Any CPU.ActiveCfg = Debug|Any CPU
		{C508723B-2719-4498-A055-14ADB3CDBCCA}.Debug|Any CPU.Build.0 = Debug|Any CPU
		{C508723B-2719-4498-A055-14ADB3CDBCCA}.Release|Any CPU.ActiveCfg = Release|Any CPU
		{C508723B-2719-4498-A055-14ADB3CDBCCA}.Release|Any CPU.Build.0 = Release|Any CPU
	EndGlobalSection
	GlobalSection(SolutionProperties) = preSolution
		HideSolutionNode = FALSE
	EndGlobalSection
	GlobalSection(ExtensibilityGlobals) = postSolution
		SolutionGuid = {FB84CA78-D7B9-4BE0-9529-C5244BEFF08D}
	EndGlobalSection
EndGlobal
